
Microsoft Visual Studio Solution File, Format Version 12.00
# Visual Studio Version 16
VisualStudioVersion = 16.0.30503.244
MinimumVisualStudioVersion = 10.0.40219.1
Project("{8BC9CEB8-8B4A-11D0-8D11-00A0C91BC942}") = "Project3", "Project3\Project3.vcxproj", "{4E62158C-E0C4-4BFB-AFAC-95C6FCDE24EA}"
EndProject
Global
	GlobalSection(SolutionConfigurationPlatforms) = preSolution
		Debug|x64 = Debug|x64
		Debug|x86 = Debug|x86
		Release|x64 = Release|x64
		Release|x86 = Release|x86
	EndGlobalSection
	GlobalSection(ProjectConfigurationPlatforms) = postSolution
		{4E62158C-E0C4-4BFB-AFAC-95C6FCDE24EA}.Debug|x64.ActiveCfg = Debug|x64
		{4E62158C-E0C4-4BFB-AFAC-95C6FCDE24EA}.Debug|x64.Build.0 = Debug|x64
		{4E62158C-E0C4-4BFB-AFAC-95C6FCDE24EA}.Debug|x86.ActiveCfg = Debug|Win32
		{4E62158C-E0C4-4BFB-AFAC-95C6FCDE24EA}.Debug|x86.Build.0 = Debug|Win32
		{4E62158C-E0C4-4BFB-AFAC-95C6FCDE24EA}.Release|x64.ActiveCfg = Release|x64
		{4E62158C-E0C4-4BFB-AFAC-95C6FCDE24EA}.Release|x64.Build.0 = Release|x64
		{4E62158C-E0C4-4BFB-AFAC-95C6FCDE24EA}.Release|x86.ActiveCfg = Release|Win32
		{4E62158C-E0C4-4BFB-AFAC-95C6FCDE24EA}.Release|x86.Build.0 = Release|Win32
	EndGlobalSection
	GlobalSection(SolutionProperties) = preSolution
		HideSolutionNode = FALSE
	EndGlobalSection
	GlobalSection(ExtensibilityGlobals) = postSolution
		SolutionGuid = {920128CD-F33F-4A14-B704-071778827AA6}
	EndGlobalSection
EndGlobal
